// !$*UTF8*$!
{
	archiveVersion = 1;
	classes = {
	};
	objectVersion = 46;
	objects = {

/* Begin PBXBuildFile section */
		284BB21990880D5636EC3B79 /* Pods_LoginTest.framework in Frameworks */ = {isa = PBXBuildFile; fileRef = 1CFB1E260BCDF54534BE33D3 /* Pods_LoginTest.framework */; };
		5FC2EB3F1F4DD2190065D430 /* AppDelegate.swift in Sources */ = {isa = PBXBuildFile; fileRef = 5FC2EB3E1F4DD2190065D430 /* AppDelegate.swift */; };
		5FC2EB411F4DD2190065D430 /* ViewController.swift in Sources */ = {isa = PBXBuildFile; fileRef = 5FC2EB401F4DD2190065D430 /* ViewController.swift */; };
		5FC2EB441F4DD2190065D430 /* Main.storyboard in Resources */ = {isa = PBXBuildFile; fileRef = 5FC2EB421F4DD2190065D430 /* Main.storyboard */; };
		5FC2EB461F4DD2190065D430 /* Assets.xcassets in Resources */ = {isa = PBXBuildFile; fileRef = 5FC2EB451F4DD2190065D430 /* Assets.xcassets */; };
		5FC2EB491F4DD2190065D430 /* LaunchScreen.storyboard in Resources */ = {isa = PBXBuildFile; fileRef = 5FC2EB471F4DD2190065D430 /* LaunchScreen.storyboard */; };
		5FC2EB511F4DE5550065D430 /* SignUpViewController.swift in Sources */ = {isa = PBXBuildFile; fileRef = 5FC2EB501F4DE5550065D430 /* SignUpViewController.swift */; };
		5FC2EB531F4E6C470065D430 /* GoogleService-Info.plist in Resources */ = {isa = PBXBuildFile; fileRef = 5FC2EB521F4E6C470065D430 /* GoogleService-Info.plist */; };
/* End PBXBuildFile section */

/* Begin PBXFileReference section */
		1BA9552EF66FCFFF49F0AF58 /* Pods-LoginTest.release.xcconfig */ = {isa = PBXFileReference; includeInIndex = 1; lastKnownFileType = text.xcconfig; name = "Pods-LoginTest.release.xcconfig"; path = "Pods/Target Support Files/Pods-LoginTest/Pods-LoginTest.release.xcconfig"; sourceTree = "<group>"; };
		1CFB1E260BCDF54534BE33D3 /* Pods_LoginTest.framework */ = {isa = PBXFileReference; explicitFileType = wrapper.framework; includeInIndex = 0; path = Pods_LoginTest.framework; sourceTree = BUILT_PRODUCTS_DIR; };
		5FC2EB3B1F4DD2190065D430 /* LoginTest.app */ = {isa = PBXFileReference; explicitFileType = wrapper.application; includeInIndex = 0; path = LoginTest.app; sourceTree = BUILT_PRODUCTS_DIR; };
		5FC2EB3E1F4DD2190065D430 /* AppDelegate.swift */ = {isa = PBXFileReference; lastKnownFileType = sourcecode.swift; path = AppDelegate.swift; sourceTree = "<group>"; };
		5FC2EB401F4DD2190065D430 /* ViewController.swift */ = {isa = PBXFileReference; lastKnownFileType = sourcecode.swift; path = ViewController.swift; sourceTree = "<group>"; };
		5FC2EB431F4DD2190065D430 /* Base */ = {isa = PBXFileReference; lastKnownFileType = file.storyboard; name = Base; path = Base.lproj/Main.storyboard; sourceTree = "<group>"; };
		5FC2EB451F4DD2190065D430 /* Assets.xcassets */ = {isa = PBXFileReference; lastKnownFileType = folder.assetcatalog; path = Assets.xcassets; sourceTree = "<group>"; };
		5FC2EB481F4DD2190065D430 /* Base */ = {isa = PBXFileReference; lastKnownFileType = file.storyboard; name = Base; path = Base.lproj/LaunchScreen.storyboard; sourceTree = "<group>"; };
		5FC2EB4A1F4DD2190065D430 /* Info.plist */ = {isa = PBXFileReference; lastKnownFileType = text.plist.xml; path = Info.plist; sourceTree = "<group>"; };
		5FC2EB501F4DE5550065D430 /* SignUpViewController.swift */ = {isa = PBXFileReference; fileEncoding = 4; lastKnownFileType = sourcecode.swift; path = SignUpViewController.swift; sourceTree = "<group>"; };
		5FC2EB521F4E6C470065D430 /* GoogleService-Info.plist */ = {isa = PBXFileReference; fileEncoding = 4; lastKnownFileType = text.plist.xml; path = "GoogleService-Info.plist"; sourceTree = "<group>"; };
		9AF4CA4F520ADCBE7AEDF89A /* Pods-LoginTest.debug.xcconfig */ = {isa = PBXFileReference; includeInIndex = 1; lastKnownFileType = text.xcconfig; name = "Pods-LoginTest.debug.xcconfig"; path = "Pods/Target Support Files/Pods-LoginTest/Pods-LoginTest.debug.xcconfig"; sourceTree = "<group>"; };
/* End PBXFileReference section */

/* Begin PBXFrameworksBuildPhase section */
		5FC2EB381F4DD2190065D430 /* Frameworks */ = {
			isa = PBXFrameworksBuildPhase;
			buildActionMask = 2147483647;
			files = (
				284BB21990880D5636EC3B79 /* Pods_LoginTest.framework in Frameworks */,
			);
			runOnlyForDeploymentPostprocessing = 0;
		};
/* End PBXFrameworksBuildPhase section */

/* Begin PBXGroup section */
		23A1F22E0E71A51428E0DE18 /* Pods */ = {
			isa = PBXGroup;
			children = (
				9AF4CA4F520ADCBE7AEDF89A /* Pods-LoginTest.debug.xcconfig */,
				1BA9552EF66FCFFF49F0AF58 /* Pods-LoginTest.release.xcconfig */,
			);
			name = Pods;
			sourceTree = "<group>";
		};
		5FC2EB321F4DD2180065D430 = {
			isa = PBXGroup;
			children = (
				5FC2EB3D1F4DD2190065D430 /* LoginTest */,
				5FC2EB3C1F4DD2190065D430 /* Products */,
				23A1F22E0E71A51428E0DE18 /* Pods */,
				60EE9EB3C5FB9812BE37F523 /* Frameworks */,
			);
			sourceTree = "<group>";
		};
		5FC2EB3C1F4DD2190065D430 /* Products */ = {
			isa = PBXGroup;
			children = (
				5FC2EB3B1F4DD2190065D430 /* LoginTest.app */,
			);
			name = Products;
			sourceTree = "<group>";
		};
		5FC2EB3D1F4DD2190065D430 /* LoginTest */ = {
			isa = PBXGroup;
			children = (
				5FC2EB3E1F4DD2190065D430 /* AppDelegate.swift */,
				5FC2EB401F4DD2190065D430 /* ViewController.swift */,
				5FC2EB421F4DD2190065D430 /* Main.storyboard */,
				5FC2EB521F4E6C470065D430 /* GoogleService-Info.plist */,
				5FC2EB451F4DD2190065D430 /* Assets.xcassets */,
				5FC2EB471F4DD2190065D430 /* LaunchScreen.storyboard */,
				5FC2EB4A1F4DD2190065D430 /* Info.plist */,
				5FC2EB501F4DE5550065D430 /* SignUpViewController.swift */,
			);
			path = LoginTest;
			sourceTree = "<group>";
		};
		60EE9EB3C5FB9812BE37F523 /* Frameworks */ = {
			isa = PBXGroup;
			children = (
				1CFB1E260BCDF54534BE33D3 /* Pods_LoginTest.framework */,
			);
			name = Frameworks;
			sourceTree = "<group>";
		};
/* End PBXGroup section */

/* Begin PBXNativeTarget section */
		5FC2EB3A1F4DD2190065D430 /* LoginTest */ = {
			isa = PBXNativeTarget;
			buildConfigurationList = 5FC2EB4D1F4DD2190065D430 /* Build configuration list for PBXNativeTarget "LoginTest" */;
			buildPhases = (
				2741C8A22C41827D41D741A6 /* [CP] Check Pods Manifest.lock */,
				5FC2EB371F4DD2190065D430 /* Sources */,
				5FC2EB381F4DD2190065D430 /* Frameworks */,
				5FC2EB391F4DD2190065D430 /* Resources */,
				066AA388BEEB71AF1BCCB38E /* [CP] Embed Pods Frameworks */,
				E171876A75D71198B3C47223 /* [CP] Copy Pods Resources */,
			);
			buildRules = (
			);
			dependencies = (
			);
			name = LoginTest;
			productName = LoginTest;
			productReference = 5FC2EB3B1F4DD2190065D430 /* LoginTest.app */;
			productType = "com.apple.product-type.application";
		};
/* End PBXNativeTarget section */

/* Begin PBXProject section */
		5FC2EB331F4DD2190065D430 /* Project object */ = {
			isa = PBXProject;
			attributes = {
				LastSwiftUpdateCheck = 0830;
				LastUpgradeCheck = 0830;
				ORGANIZATIONNAME = "배경은";
				TargetAttributes = {
					5FC2EB3A1F4DD2190065D430 = {
						CreatedOnToolsVersion = 8.3.3;
						ProvisioningStyle = Automatic;
					};
				};
			};
			buildConfigurationList = 5FC2EB361F4DD2190065D430 /* Build configuration list for PBXProject "LoginTest" */;
			compatibilityVersion = "Xcode 3.2";
			developmentRegion = English;
			hasScannedForEncodings = 0;
			knownRegions = (
				en,
				Base,
			);
			mainGroup = 5FC2EB321F4DD2180065D430;
			productRefGroup = 5FC2EB3C1F4DD2190065D430 /* Products */;
			projectDirPath = "";
			projectRoot = "";
			targets = (
				5FC2EB3A1F4DD2190065D430 /* LoginTest */,
			);
		};
/* End PBXProject section */

/* Begin PBXResourcesBuildPhase section */
		5FC2EB391F4DD2190065D430 /* Resources */ = {
			isa = PBXResourcesBuildPhase;
			buildActionMask = 2147483647;
			files = (
				5FC2EB491F4DD2190065D430 /* LaunchScreen.storyboard in Resources */,
				5FC2EB531F4E6C470065D430 /* GoogleService-Info.plist in Resources */,
				5FC2EB461F4DD2190065D430 /* Assets.xcassets in Resources */,
				5FC2EB441F4DD2190065D430 /* Main.storyboard in Resources */,
			);
			runOnlyForDeploymentPostprocessing = 0;
		};
/* End PBXResourcesBuildPhase section */

/* Begin PBXShellScriptBuildPhase section */
		066AA388BEEB71AF1BCCB38E /* [CP] Embed Pods Frameworks */ = {
			isa = PBXShellScriptBuildPhase;
			buildActionMask = 2147483647;
			files = (
			);
			inputPaths = (
				"${SRCROOT}/Pods/Target Support Files/Pods-LoginTest/Pods-LoginTest-frameworks.sh",
				"${BUILT_PRODUCTS_DIR}/GTMSessionFetcher/GTMSessionFetcher.framework",
				"${BUILT_PRODUCTS_DIR}/GoogleToolboxForMac/GoogleToolboxForMac.framework",
				"${BUILT_PRODUCTS_DIR}/nanopb/nanopb.framework",
			);
			name = "[CP] Embed Pods Frameworks";
			outputPaths = (
				"${TARGET_BUILD_DIR}/${FRAMEWORKS_FOLDER_PATH}/GTMSessionFetcher.framework",
				"${TARGET_BUILD_DIR}/${FRAMEWORKS_FOLDER_PATH}/GoogleToolboxForMac.framework",
				"${TARGET_BUILD_DIR}/${FRAMEWORKS_FOLDER_PATH}/nanopb.framework",
			);
			runOnlyForDeploymentPostprocessing = 0;
			shellPath = /bin/sh;
			shellScript = "\"${SRCROOT}/Pods/Target Support Files/Pods-LoginTest/Pods-LoginTest-frameworks.sh\"\n";
			showEnvVarsInLog = 0;
		};
		2741C8A22C41827D41D741A6 /* [CP] Check Pods Manifest.lock */ = {
			isa = PBXShellScriptBuildPhase;
			buildActionMask = 2147483647;
			files = (
			);
			inputPaths = (
				"${PODS_PODFILE_DIR_PATH}/Podfile.lock",
				"${PODS_ROOT}/Manifest.lock",
			);
			name = "[CP] Check Pods Manifest.lock";
			outputPaths = (
				"$(DERIVED_FILE_DIR)/Pods-LoginTest-checkManifestLockResult.txt",
			);
			runOnlyForDeploymentPostprocessing = 0;
			shellPath = /bin/sh;
			shellScript = "diff \"${PODS_PODFILE_DIR_PATH}/Podfile.lock\" \"${PODS_ROOT}/Manifest.lock\" > /dev/null\nif [ $? != 0 ] ; then\n    # print error to STDERR\n    echo \"error: The sandbox is not in sync with the Podfile.lock. Run 'pod install' or update your CocoaPods installation.\" >&2\n    exit 1\nfi\n# This output is used by Xcode 'outputs' to avoid re-running this script phase.\necho \"SUCCESS\" > \"${SCRIPT_OUTPUT_FILE_0}\"\n";
			showEnvVarsInLog = 0;
		};
		E171876A75D71198B3C47223 /* [CP] Copy Pods Resources */ = {
			isa = PBXShellScriptBuildPhase;
			buildActionMask = 2147483647;
			files = (
			);
			inputPaths = (
			);
			name = "[CP] Copy Pods Resources";
			outputPaths = (
			);
			runOnlyForDeploymentPostprocessing = 0;
			shellPath = /bin/sh;
			shellScript = "\"${SRCROOT}/Pods/Target Support Files/Pods-LoginTest/Pods-LoginTest-resources.sh\"\n";
			showEnvVarsInLog = 0;
		};
/* End PBXShellScriptBuildPhase section */

/* Begin PBXSourcesBuildPhase section */
		5FC2EB371F4DD2190065D430 /* Sources */ = {
			isa = PBXSourcesBuildPhase;
			buildActionMask = 2147483647;
			files = (
				5FC2EB511F4DE5550065D430 /* SignUpViewController.swift in Sources */,
				5FC2EB411F4DD2190065D430 /* ViewController.swift in Sources */,
				5FC2EB3F1F4DD2190065D430 /* AppDelegate.swift in Sources */,
			);
			runOnlyForDeploymentPostprocessing = 0;
		};
/* End PBXSourcesBuildPhase section */

/* Begin PBXVariantGroup section */
		5FC2EB421F4DD2190065D430 /* Main.storyboard */ = {
			isa = PBXVariantGroup;
			children = (
				5FC2EB431F4DD2190065D430 /* Base */,
			);
			name = Main.storyboard;
			sourceTree = "<group>";
		};
		5FC2EB471F4DD2190065D430 /* LaunchScreen.storyboard */ = {
			isa = PBXVariantGroup;
			children = (
				5FC2EB481F4DD2190065D430 /* Base */,
			);
			name = LaunchScreen.storyboard;
			sourceTree = "<group>";
		};
/* End PBXVariantGroup section */

/* Begin XCBuildConfiguration section */
		5FC2EB4B1F4DD2190065D430 /* Debug */ = {
			isa = XCBuildConfiguration;
			buildSettings = {
				ALWAYS_SEARCH_USER_PATHS = NO;
				CLANG_ANALYZER_NONNULL = YES;
				CLANG_ANALYZER_NUMBER_OBJECT_CONVERSION = YES_AGGRESSIVE;
				CLANG_CXX_LANGUAGE_STANDARD = "gnu++0x";
				CLANG_CXX_LIBRARY = "libc++";
				CLANG_ENABLE_MODULES = YES;
				CLANG_ENABLE_OBJC_ARC = YES;
				CLANG_WARN_BOOL_CONVERSION = YES;
				CLANG_WARN_CONSTANT_CONVERSION = YES;
				CLANG_WARN_DIRECT_OBJC_ISA_USAGE = YES_ERROR;
				CLANG_WARN_DOCUMENTATION_COMMENTS = YES;
				CLANG_WARN_EMPTY_BODY = YES;
				CLANG_WARN_ENUM_CONVERSION = YES;
				CLANG_WARN_INFINITE_RECURSION = YES;
				CLANG_WARN_INT_CONVERSION = YES;
				CLANG_WARN_OBJC_ROOT_CLASS = YES_ERROR;
				CLANG_WARN_SUSPICIOUS_MOVE = YES;
				CLANG_WARN_UNREACHABLE_CODE = YES;
				CLANG_WARN__DUPLICATE_METHOD_MATCH = YES;
				"CODE_SIGN_IDENTITY[sdk=iphoneos*]" = "iPhone Developer";
				COPY_PHASE_STRIP = NO;
				DEBUG_INFORMATION_FORMAT = dwarf;
				ENABLE_STRICT_OBJC_MSGSEND = YES;
				ENABLE_TESTABILITY = YES;
				GCC_C_LANGUAGE_STANDARD = gnu99;
				GCC_DYNAMIC_NO_PIC = NO;
				GCC_NO_COMMON_BLOCKS = YES;
				GCC_OPTIMIZATION_LEVEL = 0;
				GCC_PREPROCESSOR_DEFINITIONS = (
					"DEBUG=1",
					"$(inherited)",
				);
				GCC_WARN_64_TO_32_BIT_CONVERSION = YES;
				GCC_WARN_ABOUT_RETURN_TYPE = YES_ERROR;
				GCC_WARN_UNDECLARED_SELECTOR = YES;
				GCC_WARN_UNINITIALIZED_AUTOS = YES_AGGRESSIVE;
				GCC_WARN_UNUSED_FUNCTION = YES;
				GCC_WARN_UNUSED_VARIABLE = YES;
				IPHONEOS_DEPLOYMENT_TARGET = 10.3;
				MTL_ENABLE_DEBUG_INFO = YES;
				ONLY_ACTIVE_ARCH = YES;
				SDKROOT = iphoneos;
				SWIFT_ACTIVE_COMPILATION_CONDITIONS = DEBUG;
				SWIFT_OPTIMIZATION_LEVEL = "-Onone";
				TARGETED_DEVICE_FAMILY = "1,2";
			};
			name = Debug;
		};
		5FC2EB4C1F4DD2190065D430 /* Release */ = {
			isa = XCBuildConfiguration;
			buildSettings = {
				ALWAYS_SEARCH_USER_PATHS = NO;
				CLANG_ANALYZER_NONNULL = YES;
				CLANG_ANALYZER_NUMBER_OBJECT_CONVERSION = YES_AGGRESSIVE;
				CLANG_CXX_LANGUAGE_STANDARD = "gnu++0x";
				CLANG_CXX_LIBRARY = "libc++";
				CLANG_ENABLE_MODULES = YES;
				CLANG_ENABLE_OBJC_ARC = YES;
				CLANG_WARN_BOOL_CONVERSION = YES;
				CLANG_WARN_CONSTANT_CONVERSION = YES;
				CLANG_WARN_DIRECT_OBJC_ISA_USAGE = YES_ERROR;
				CLANG_WARN_DOCUMENTATION_COMMENTS = YES;
				CLANG_WARN_EMPTY_BODY = YES;
				CLANG_WARN_ENUM_CONVERSION = YES;
				CLANG_WARN_INFINITE_RECURSION = YES;
				CLANG_WARN_INT_CONVERSION = YES;
				CLANG_WARN_OBJC_ROOT_CLASS = YES_ERROR;
				CLANG_WARN_SUSPICIOUS_MOVE = YES;
				CLANG_WARN_UNREACHABLE_CODE = YES;
				CLANG_WARN__DUPLICATE_METHOD_MATCH = YES;
				"CODE_SIGN_IDENTITY[sdk=iphoneos*]" = "iPhone Developer";
				COPY_PHASE_STRIP = NO;
				DEBUG_INFORMATION_FORMAT = "dwarf-with-dsym";
				ENABLE_NS_ASSERTIONS = NO;
				ENABLE_STRICT_OBJC_MSGSEND = YES;
				GCC_C_LANGUAGE_STANDARD = gnu99;
				GCC_NO_COMMON_BLOCKS = YES;
				GCC_WARN_64_TO_32_BIT_CONVERSION = YES;
				GCC_WARN_ABOUT_RETURN_TYPE = YES_ERROR;
				GCC_WARN_UNDECLARED_SELECTOR = YES;
				GCC_WARN_UNINITIALIZED_AUTOS = YES_AGGRESSIVE;
				GCC_WARN_UNUSED_FUNCTION = YES;
				GCC_WARN_UNUSED_VARIABLE = YES;
				IPHONEOS_DEPLOYMENT_TARGET = 10.3;
				MTL_ENABLE_DEBUG_INFO = NO;
				SDKROOT = iphoneos;
				SWIFT_OPTIMIZATION_LEVEL = "-Owholemodule";
				TARGETED_DEVICE_FAMILY = "1,2";
				VALIDATE_PRODUCT = YES;
			};
			name = Release;
		};
		5FC2EB4E1F4DD2190065D430 /* Debug */ = {
			isa = XCBuildConfiguration;
			baseConfigurationReference = 9AF4CA4F520ADCBE7AEDF89A /* Pods-LoginTest.debug.xcconfig */;
			buildSettings = {
				ASSETCATALOG_COMPILER_APPICON_NAME = AppIcon;
				INFOPLIST_FILE = LoginTest/Info.plist;
				LD_RUNPATH_SEARCH_PATHS = "$(inherited) @executable_path/Frameworks";
				PRODUCT_BUNDLE_IDENTIFIER = com.LoginTest;
				PRODUCT_NAME = "$(TARGET_NAME)";
				SWIFT_VERSION = 3.0;
			};
			name = Debug;
		};
		5FC2EB4F1F4DD2190065D430 /* Release */ = {
			isa = XCBuildConfiguration;
			baseConfigurationReference = 1BA9552EF66FCFFF49F0AF58 /* Pods-LoginTest.release.xcconfig */;
			buildSettings = {
				ASSETCATALOG_COMPILER_APPICON_NAME = AppIcon;
				INFOPLIST_FILE = LoginTest/Info.plist;
				LD_RUNPATH_SEARCH_PATHS = "$(inherited) @executable_path/Frameworks";
				PRODUCT_BUNDLE_IDENTIFIER = com.LoginTest;
				PRODUCT_NAME = "$(TARGET_NAME)";
				SWIFT_VERSION = 3.0;
			};
			name = Release;
		};
/* End XCBuildConfiguration section */

/* Begin XCConfigurationList section */
		5FC2EB361F4DD2190065D430 /* Build configuration list for PBXProject "LoginTest" */ = {
			isa = XCConfigurationList;
			buildConfigurations = (
				5FC2EB4B1F4DD2190065D430 /* Debug */,
				5FC2EB4C1F4DD2190065D430 /* Release */,
			);
			defaultConfigurationIsVisible = 0;
			defaultConfigurationName = Release;
		};
		5FC2EB4D1F4DD2190065D430 /* Build configuration list for PBXNativeTarget "LoginTest" */ = {
			isa = XCConfigurationList;
			buildConfigurations = (
				5FC2EB4E1F4DD2190065D430 /* Debug */,
				5FC2EB4F1F4DD2190065D430 /* Release */,
			);
			defaultConfigurationIsVisible = 0;
			defaultConfigurationName = Release;
		};
/* End XCConfigurationList section */
	};
	rootObject = 5FC2EB331F4DD2190065D430 /* Project object */;
}
